
Microsoft Visual Studio Solution File, Format Version 12.00
# Visual Studio Version 16
VisualStudioVersion = 16.0.32413.511
MinimumVisualStudioVersion = 10.0.40219.1
Project("{FAE04EC0-301F-11D3-BF4B-00C04F79EFBC}") = "MVC_AJAX_Form", "MVC_AJAX_Form.csproj", "{A62AF761-4058-45BC-A6B0-768CA7467741}"
EndProject
Global
	GlobalSection(SolutionConfigurationPlatforms) = preSolution
		Debug|Any CPU = Debug|Any CPU
		Release|Any CPU = Release|Any CPU
	EndGlobalSection
	GlobalSection(ProjectConfigurationPlatforms) = postSolution
		{A62AF761-4058-45BC-A6B0-768CA7467741}.Debug|Any CPU.ActiveCfg = Debug|Any CPU
		{A62AF761-4058-45BC-A6B0-768CA7467741}.Debug|Any CPU.Build.0 = Debug|Any CPU
		{A62AF761-4058-45BC-A6B0-768CA7467741}.Release|Any CPU.ActiveCfg = Release|Any CPU
		{A62AF761-4058-45BC-A6B0-768CA7467741}.Release|Any CPU.Build.0 = Release|Any CPU
	EndGlobalSection
	GlobalSection(SolutionProperties) = preSolution
		HideSolutionNode = FALSE
	EndGlobalSection
	GlobalSection(ExtensibilityGlobals) = postSolution
		SolutionGuid = {F6EADBBE-2CCF-4F66-92FA-6257C31042CA}
	EndGlobalSection
EndGlobal
